
Microsoft Visual Studio Solution File, Format Version 12.00
# Visual Studio 14
VisualStudioVersion = 14.0.25420.1
MinimumVisualStudioVersion = 10.0.40219.1
Project("{FAE04EC0-301F-11D3-BF4B-00C04F79EFBC}") = "01. PersonalTitles", "01. PersonalTitles\01. PersonalTitles.csproj", "{07C99AA3-9556-4B36-A204-12AEA3082396}"
EndProject
Project("{FAE04EC0-301F-11D3-BF4B-00C04F79EFBC}") = "02. SmallShop", "02. SmallShop\02. SmallShop.csproj", "{50E66A79-7B38-4E7C-AC9D-B479A36D70C2}"
EndProject
Project("{FAE04EC0-301F-11D3-BF4B-00C04F79EFBC}") = "03. PointInRectangle", "03. PointInRectangle\03. PointInRectangle.csproj", "{7156CF84-6309-4893-AA50-3D3BF04291A1}"
EndProject
Project("{FAE04EC0-301F-11D3-BF4B-00C04F79EFBC}") = "04. FruitOrVegetable", "04. FruitOrVegetable\04. FruitOrVegetable.csproj", "{AD637A54-A9F1-43A1-8B27-8EA87280FEA1}"
EndProject
Project("{FAE04EC0-301F-11D3-BF4B-00C04F79EFBC}") = "05. InvalidNumber", "05. InvalidNumber\05. InvalidNumber.csproj", "{A4E6A3D0-187F-457B-B387-7EBC12E90381}"
EndProject
Project("{FAE04EC0-301F-11D3-BF4B-00C04F79EFBC}") = "06. PointOnRectangleBorder", "06. PointOnRectangleBorder\06. PointOnRectangleBorder.csproj", "{99A825D7-537D-4C8E-A230-AB7DBDF975D1}"
EndProject
Project("{FAE04EC0-301F-11D3-BF4B-00C04F79EFBC}") = "07. FruitShop", "07. FruitShop\07. FruitShop.csproj", "{F06D9AB5-A784-470D-8461-9F5D8A5F82AF}"
EndProject
Project("{FAE04EC0-301F-11D3-BF4B-00C04F79EFBC}") = "08. TradeComissions", "08. TradeComissions\08. TradeComissions.csproj", "{DF236B1D-4711-41F8-9CEF-4D8E66EAC7BA}"
EndProject
Project("{FAE04EC0-301F-11D3-BF4B-00C04F79EFBC}") = "09. DayOfWeek", "09. DayOfWeek\09. DayOfWeek.csproj", "{9DEE94A0-83B4-4095-B214-E6630C3FEC9E}"
EndProject
Project("{FAE04EC0-301F-11D3-BF4B-00C04F79EFBC}") = "10. AnimalType", "10. AnimalType\10. AnimalType.csproj", "{60E7A3AF-673D-4F27-80E6-C2DC24A3FE18}"
EndProject
Project("{FAE04EC0-301F-11D3-BF4B-00C04F79EFBC}") = "11. Cinema", "11. Cinema\11. Cinema.csproj", "{04501FF8-4048-460A-A15A-164F45F90CB8}"
EndProject
Project("{FAE04EC0-301F-11D3-BF4B-00C04F79EFBC}") = "12. Volleyball", "12. Volleyball\12. Volleyball.csproj", "{4E1AB299-2E90-4AD6-91E1-C6DEAD733269}"
EndProject
Project("{FAE04EC0-301F-11D3-BF4B-00C04F79EFBC}") = "13. PointInTheFigure", "13. PointInTheFigure\13. PointInTheFigure.csproj", "{996250EC-6514-4E5F-8477-46481C34743A}"
EndProject
Project("{FAE04EC0-301F-11D3-BF4B-00C04F79EFBC}") = "14. OnTimeForTheExam", "14. OnTimeForTheExam\14. OnTimeForTheExam.csproj", "{0F339A3E-00FE-4F56-8608-942BD35FC2D4}"
EndProject
Project("{FAE04EC0-301F-11D3-BF4B-00C04F79EFBC}") = "15. Trip", "15. Trip\15. Trip.csproj", "{3B0320BC-B7DE-43A9-9A6B-9E0F6DD8BFEE}"
EndProject
Project("{FAE04EC0-301F-11D3-BF4B-00C04F79EFBC}") = "16. OperationsBetweenNumbers", "16. OperationsBetweenNumbers\16. OperationsBetweenNumbers.csproj", "{C908C3A8-D771-4B2B-95EB-63CACBCF564D}"
EndProject
Global
	GlobalSection(SolutionConfigurationPlatforms) = preSolution
		Debug|Any CPU = Debug|Any CPU
		Release|Any CPU = Release|Any CPU
	EndGlobalSection
	GlobalSection(ProjectConfigurationPlatforms) = postSolution
		{07C99AA3-9556-4B36-A204-12AEA3082396}.Debug|Any CPU.ActiveCfg = Debug|Any CPU
		{07C99AA3-9556-4B36-A204-12AEA3082396}.Debug|Any CPU.Build.0 = Debug|Any CPU
		{07C99AA3-9556-4B36-A204-12AEA3082396}.Release|Any CPU.ActiveCfg = Release|Any CPU
		{07C99AA3-9556-4B36-A204-12AEA3082396}.Release|Any CPU.Build.0 = Release|Any CPU
		{50E66A79-7B38-4E7C-AC9D-B479A36D70C2}.Debug|Any CPU.ActiveCfg = Debug|Any CPU
		{50E66A79-7B38-4E7C-AC9D-B479A36D70C2}.Debug|Any CPU.Build.0 = Debug|Any CPU
		{50E66A79-7B38-4E7C-AC9D-B479A36D70C2}.Release|Any CPU.ActiveCfg = Release|Any CPU
		{50E66A79-7B38-4E7C-AC9D-B479A36D70C2}.Release|Any CPU.Build.0 = Release|Any CPU
		{7156CF84-6309-4893-AA50-3D3BF04291A1}.Debug|Any CPU.ActiveCfg = Debug|Any CPU
		{7156CF84-6309-4893-AA50-3D3BF04291A1}.Debug|Any CPU.Build.0 = Debug|Any CPU
		{7156CF84-6309-4893-AA50-3D3BF04291A1}.Release|Any CPU.ActiveCfg = Release|Any CPU
		{7156CF84-6309-4893-AA50-3D3BF04291A1}.Release|Any CPU.Build.0 = Release|Any CPU
		{AD637A54-A9F1-43A1-8B27-8EA87280FEA1}.Debug|Any CPU.ActiveCfg = Debug|Any CPU
		{AD637A54-A9F1-43A1-8B27-8EA87280FEA1}.Debug|Any CPU.Build.0 = Debug|Any CPU
		{AD637A54-A9F1-43A1-8B27-8EA87280FEA1}.Release|Any CPU.ActiveCfg = Release|Any CPU
		{AD637A54-A9F1-43A1-8B27-8EA87280FEA1}.Release|Any CPU.Build.0 = Release|Any CPU
		{A4E6A3D0-187F-457B-B387-7EBC12E90381}.Debug|Any CPU.ActiveCfg = Debug|Any CPU
		{A4E6A3D0-187F-457B-B387-7EBC12E90381}.Debug|Any CPU.Build.0 = Debug|Any CPU
		{A4E6A3D0-187F-457B-B387-7EBC12E90381}.Release|Any CPU.ActiveCfg = Release|Any CPU
		{A4E6A3D0-187F-457B-B387-7EBC12E90381}.Release|Any CPU.Build.0 = Release|Any CPU
		{99A825D7-537D-4C8E-A230-AB7DBDF975D1}.Debug|Any CPU.ActiveCfg = Debug|Any CPU
		{99A825D7-537D-4C8E-A230-AB7DBDF975D1}.Debug|Any CPU.Build.0 = Debug|Any CPU
		{99A825D7-537D-4C8E-A230-AB7DBDF975D1}.Release|Any CPU.ActiveCfg = Release|Any CPU
		{99A825D7-537D-4C8E-A230-AB7DBDF975D1}.Release|Any CPU.Build.0 = Release|Any CPU
		{F06D9AB5-A784-470D-8461-9F5D8A5F82AF}.Debug|Any CPU.ActiveCfg = Debug|Any CPU
		{F06D9AB5-A784-470D-8461-9F5D8A5F82AF}.Debug|Any CPU.Build.0 = Debug|Any CPU
		{F06D9AB5-A784-470D-8461-9F5D8A5F82AF}.Release|Any CPU.ActiveCfg = Release|Any CPU
		{F06D9AB5-A784-470D-8461-9F5D8A5F82AF}.Release|Any CPU.Build.0 = Release|Any CPU
		{DF236B1D-4711-41F8-9CEF-4D8E66EAC7BA}.Debug|Any CPU.ActiveCfg = Debug|Any CPU
		{DF236B1D-4711-41F8-9CEF-4D8E66EAC7BA}.Debug|Any CPU.Build.0 = Debug|Any CPU
		{DF236B1D-4711-41F8-9CEF-4D8E66EAC7BA}.Release|Any CPU.ActiveCfg = Release|Any CPU
		{DF236B1D-4711-41F8-9CEF-4D8E66EAC7BA}.Release|Any CPU.Build.0 = Release|Any CPU
		{9DEE94A0-83B4-4095-B214-E6630C3FEC9E}.Debug|Any CPU.ActiveCfg = Debug|Any CPU
		{9DEE94A0-83B4-4095-B214-E6630C3FEC9E}.Debug|Any CPU.Build.0 = Debug|Any CPU
		{9DEE94A0-83B4-4095-B214-E6630C3FEC9E}.Release|Any CPU.ActiveCfg = Release|Any CPU
		{9DEE94A0-83B4-4095-B214-E6630C3FEC9E}.Release|Any CPU.Build.0 = Release|Any CPU
		{60E7A3AF-673D-4F27-80E6-C2DC24A3FE18}.Debug|Any CPU.ActiveCfg = Debug|Any CPU
		{60E7A3AF-673D-4F27-80E6-C2DC24A3FE18}.Debug|Any CPU.Build.0 = Debug|Any CPU
		{60E7A3AF-673D-4F27-80E6-C2DC24A3FE18}.Release|Any CPU.ActiveCfg = Release|Any CPU
		{60E7A3AF-673D-4F27-80E6-C2DC24A3FE18}.Release|Any CPU.Build.0 = Release|Any CPU
		{04501FF8-4048-460A-A15A-164F45F90CB8}.Debug|Any CPU.ActiveCfg = Debug|Any CPU
		{04501FF8-4048-460A-A15A-164F45F90CB8}.Debug|Any CPU.Build.0 = Debug|Any CPU
		{04501FF8-4048-460A-A15A-164F45F90CB8}.Release|Any CPU.ActiveCfg = Release|Any CPU
		{04501FF8-4048-460A-A15A-164F45F90CB8}.Release|Any CPU.Build.0 = Release|Any CPU
		{4E1AB299-2E90-4AD6-91E1-C6DEAD733269}.Debug|Any CPU.ActiveCfg = Debug|Any CPU
		{4E1AB299-2E90-4AD6-91E1-C6DEAD733269}.Debug|Any CPU.Build.0 = Debug|Any CPU
		{4E1AB299-2E90-4AD6-91E1-C6DEAD733269}.Release|Any CPU.ActiveCfg = Release|Any CPU
		{4E1AB299-2E90-4AD6-91E1-C6DEAD733269}.Release|Any CPU.Build.0 = Release|Any CPU
		{996250EC-6514-4E5F-8477-46481C34743A}.Debug|Any CPU.ActiveCfg = Debug|Any CPU
		{996250EC-6514-4E5F-8477-46481C34743A}.Debug|Any CPU.Build.0 = Debug|Any CPU
		{996250EC-6514-4E5F-8477-46481C34743A}.Release|Any CPU.ActiveCfg = Release|Any CPU
		{996250EC-6514-4E5F-8477-46481C34743A}.Release|Any CPU.Build.0 = Release|Any CPU
		{0F339A3E-00FE-4F56-8608-942BD35FC2D4}.Debug|Any CPU.ActiveCfg = Debug|Any CPU
		{0F339A3E-00FE-4F56-8608-942BD35FC2D4}.Debug|Any CPU.Build.0 = Debug|Any CPU
		{0F339A3E-00FE-4F56-8608-942BD35FC2D4}.Release|Any CPU.ActiveCfg = Release|Any CPU
		{0F339A3E-00FE-4F56-8608-942BD35FC2D4}.Release|Any CPU.Build.0 = Release|Any CPU
		{3B0320BC-B7DE-43A9-9A6B-9E0F6DD8BFEE}.Debug|Any CPU.ActiveCfg = Debug|Any CPU
		{3B0320BC-B7DE-43A9-9A6B-9E0F6DD8BFEE}.Debug|Any CPU.Build.0 = Debug|Any CPU
		{3B0320BC-B7DE-43A9-9A6B-9E0F6DD8BFEE}.Release|Any CPU.ActiveCfg = Release|Any CPU
		{3B0320BC-B7DE-43A9-9A6B-9E0F6DD8BFEE}.Release|Any CPU.Build.0 = Release|Any CPU
		{C908C3A8-D771-4B2B-95EB-63CACBCF564D}.Debug|Any CPU.ActiveCfg = Debug|Any CPU
		{C908C3A8-D771-4B2B-95EB-63CACBCF564D}.Debug|Any CPU.Build.0 = Debug|Any CPU
		{C908C3A8-D771-4B2B-95EB-63CACBCF564D}.Release|Any CPU.ActiveCfg = Release|Any CPU
		{C908C3A8-D771-4B2B-95EB-63CACBCF564D}.Release|Any CPU.Build.0 = Release|Any CPU
	EndGlobalSection
	GlobalSection(SolutionProperties) = preSolution
		HideSolutionNode = FALSE
	EndGlobalSection
EndGlobal
