
Microsoft Visual Studio Solution File, Format Version 12.00
# Visual Studio 14
VisualStudioVersion = 14.0.25420.1
MinimumVisualStudioVersion = 10.0.40219.1
Project("{FAE04EC0-301F-11D3-BF4B-00C04F79EFBC}") = "02. TriangleFormation", "03. TriangleFormation\02. TriangleFormation.csproj", "{34060338-8E29-411B-A68D-EAE6217A4D7D}"
EndProject
Project("{FAE04EC0-301F-11D3-BF4B-00C04F79EFBC}") = "01. TrickyStrings", "01. Tricky Strings\01. TrickyStrings.csproj", "{DE17B9D3-8CE9-4088-A285-D4DE0E9222B6}"
EndProject
Project("{FAE04EC0-301F-11D3-BF4B-00C04F79EFBC}") = "04. MiningCoins", "04. MiningCoins\04. MiningCoins.csproj", "{DD5AD04F-7115-4D2E-9C2D-F15B7D80C2CD}"
EndProject
Project("{FAE04EC0-301F-11D3-BF4B-00C04F79EFBC}") = "03. Tetris", "03. Tetris\03. Tetris.csproj", "{F7CFAC7A-101D-4A32-B2F2-831AF28903E7}"
EndProject
Global
	GlobalSection(SolutionConfigurationPlatforms) = preSolution
		Debug|Any CPU = Debug|Any CPU
		Release|Any CPU = Release|Any CPU
	EndGlobalSection
	GlobalSection(ProjectConfigurationPlatforms) = postSolution
		{34060338-8E29-411B-A68D-EAE6217A4D7D}.Debug|Any CPU.ActiveCfg = Debug|Any CPU
		{34060338-8E29-411B-A68D-EAE6217A4D7D}.Debug|Any CPU.Build.0 = Debug|Any CPU
		{34060338-8E29-411B-A68D-EAE6217A4D7D}.Release|Any CPU.ActiveCfg = Release|Any CPU
		{34060338-8E29-411B-A68D-EAE6217A4D7D}.Release|Any CPU.Build.0 = Release|Any CPU
		{DE17B9D3-8CE9-4088-A285-D4DE0E9222B6}.Debug|Any CPU.ActiveCfg = Debug|Any CPU
		{DE17B9D3-8CE9-4088-A285-D4DE0E9222B6}.Debug|Any CPU.Build.0 = Debug|Any CPU
		{DE17B9D3-8CE9-4088-A285-D4DE0E9222B6}.Release|Any CPU.ActiveCfg = Release|Any CPU
		{DE17B9D3-8CE9-4088-A285-D4DE0E9222B6}.Release|Any CPU.Build.0 = Release|Any CPU
		{DD5AD04F-7115-4D2E-9C2D-F15B7D80C2CD}.Debug|Any CPU.ActiveCfg = Debug|Any CPU
		{DD5AD04F-7115-4D2E-9C2D-F15B7D80C2CD}.Debug|Any CPU.Build.0 = Debug|Any CPU
		{DD5AD04F-7115-4D2E-9C2D-F15B7D80C2CD}.Release|Any CPU.ActiveCfg = Release|Any CPU
		{DD5AD04F-7115-4D2E-9C2D-F15B7D80C2CD}.Release|Any CPU.Build.0 = Release|Any CPU
		{F7CFAC7A-101D-4A32-B2F2-831AF28903E7}.Debug|Any CPU.ActiveCfg = Debug|Any CPU
		{F7CFAC7A-101D-4A32-B2F2-831AF28903E7}.Debug|Any CPU.Build.0 = Debug|Any CPU
		{F7CFAC7A-101D-4A32-B2F2-831AF28903E7}.Release|Any CPU.ActiveCfg = Release|Any CPU
		{F7CFAC7A-101D-4A32-B2F2-831AF28903E7}.Release|Any CPU.Build.0 = Release|Any CPU
	EndGlobalSection
	GlobalSection(SolutionProperties) = preSolution
		HideSolutionNode = FALSE
	EndGlobalSection
EndGlobal
