
Microsoft Visual Studio Solution File, Format Version 12.00
# Visual Studio 14
VisualStudioVersion = 14.0.25420.1
MinimumVisualStudioVersion = 10.0.40219.1
Project("{FAE04EC0-301F-11D3-BF4B-00C04F79EFBC}") = "01. RectangleOf10x10Stars", "01. RectangleOf10x10Stars\01. RectangleOf10x10Stars.csproj", "{94E81BE0-2087-4797-8BE1-FB2B7BA01685}"
EndProject
Project("{FAE04EC0-301F-11D3-BF4B-00C04F79EFBC}") = "02. RectangleOfNxNStars", "02. RectangleOfNxNStars\02. RectangleOfNxNStars.csproj", "{ADDC6BB6-0C65-4AC9-B9F0-192E793C9F23}"
EndProject
Project("{FAE04EC0-301F-11D3-BF4B-00C04F79EFBC}") = "03. SquareOfStars", "03. SquareOfStars\03. SquareOfStars.csproj", "{BB53F98C-BE0A-4F6B-85E3-4C54EF83084D}"
EndProject
Project("{FAE04EC0-301F-11D3-BF4B-00C04F79EFBC}") = "04. TriangleOfDollars", "04. TriangleOfDollars\04. TriangleOfDollars.csproj", "{9793927D-F57E-4EAB-9626-4D54DD3E1877}"
EndProject
Project("{FAE04EC0-301F-11D3-BF4B-00C04F79EFBC}") = "05. SquareFlame", "05. SquareFlame\05. SquareFlame.csproj", "{2B8FEFBE-804C-4C80-8AD6-924F9B5C794D}"
EndProject
Project("{FAE04EC0-301F-11D3-BF4B-00C04F79EFBC}") = "06. RhombusOfStars", "06. RhombusOfStars\06. RhombusOfStars.csproj", "{AE1EA41D-364C-4AB7-8D99-AB92A3C503FF}"
EndProject
Project("{FAE04EC0-301F-11D3-BF4B-00C04F79EFBC}") = "07. ChristmasTree", "07. ChristmasTree\07. ChristmasTree.csproj", "{023E4A6A-D858-421F-A05F-2C17A96FEC21}"
EndProject
Project("{FAE04EC0-301F-11D3-BF4B-00C04F79EFBC}") = "08. Sunglasses", "08. Sunglasses\08. Sunglasses.csproj", "{64B4DB3F-92A7-426B-9CD9-D3563EB12E93}"
EndProject
Project("{FAE04EC0-301F-11D3-BF4B-00C04F79EFBC}") = "09. House", "09. House\09. House.csproj", "{447C8C57-384D-4D43-B3E7-17FAFE98AD39}"
EndProject
Project("{FAE04EC0-301F-11D3-BF4B-00C04F79EFBC}") = "10. Diamond", "10. Diamond\10. Diamond.csproj", "{0996F466-7F0B-4ACD-A73D-A9C3486AD1D2}"
EndProject
Project("{FAE04EC0-301F-11D3-BF4B-00C04F79EFBC}") = "11. Fort", "11. Fort\11. Fort.csproj", "{3AC59FCE-D358-432A-888B-3E88165AA031}"
EndProject
Project("{FAE04EC0-301F-11D3-BF4B-00C04F79EFBC}") = "12. Butterfly", "12. Butterfly\12. Butterfly.csproj", "{22DF0F5C-A089-4B7F-8EFF-9C78D4EA404F}"
EndProject
Project("{FAE04EC0-301F-11D3-BF4B-00C04F79EFBC}") = "13. STOP", "13. STOP\13. STOP.csproj", "{E837AB1E-3A40-48C4-A2F4-3361C57A3722}"
EndProject
Global
	GlobalSection(SolutionConfigurationPlatforms) = preSolution
		Debug|Any CPU = Debug|Any CPU
		Release|Any CPU = Release|Any CPU
	EndGlobalSection
	GlobalSection(ProjectConfigurationPlatforms) = postSolution
		{94E81BE0-2087-4797-8BE1-FB2B7BA01685}.Debug|Any CPU.ActiveCfg = Debug|Any CPU
		{94E81BE0-2087-4797-8BE1-FB2B7BA01685}.Debug|Any CPU.Build.0 = Debug|Any CPU
		{94E81BE0-2087-4797-8BE1-FB2B7BA01685}.Release|Any CPU.ActiveCfg = Release|Any CPU
		{94E81BE0-2087-4797-8BE1-FB2B7BA01685}.Release|Any CPU.Build.0 = Release|Any CPU
		{ADDC6BB6-0C65-4AC9-B9F0-192E793C9F23}.Debug|Any CPU.ActiveCfg = Debug|Any CPU
		{ADDC6BB6-0C65-4AC9-B9F0-192E793C9F23}.Debug|Any CPU.Build.0 = Debug|Any CPU
		{ADDC6BB6-0C65-4AC9-B9F0-192E793C9F23}.Release|Any CPU.ActiveCfg = Release|Any CPU
		{ADDC6BB6-0C65-4AC9-B9F0-192E793C9F23}.Release|Any CPU.Build.0 = Release|Any CPU
		{BB53F98C-BE0A-4F6B-85E3-4C54EF83084D}.Debug|Any CPU.ActiveCfg = Debug|Any CPU
		{BB53F98C-BE0A-4F6B-85E3-4C54EF83084D}.Debug|Any CPU.Build.0 = Debug|Any CPU
		{BB53F98C-BE0A-4F6B-85E3-4C54EF83084D}.Release|Any CPU.ActiveCfg = Release|Any CPU
		{BB53F98C-BE0A-4F6B-85E3-4C54EF83084D}.Release|Any CPU.Build.0 = Release|Any CPU
		{9793927D-F57E-4EAB-9626-4D54DD3E1877}.Debug|Any CPU.ActiveCfg = Debug|Any CPU
		{9793927D-F57E-4EAB-9626-4D54DD3E1877}.Debug|Any CPU.Build.0 = Debug|Any CPU
		{9793927D-F57E-4EAB-9626-4D54DD3E1877}.Release|Any CPU.ActiveCfg = Release|Any CPU
		{9793927D-F57E-4EAB-9626-4D54DD3E1877}.Release|Any CPU.Build.0 = Release|Any CPU
		{2B8FEFBE-804C-4C80-8AD6-924F9B5C794D}.Debug|Any CPU.ActiveCfg = Debug|Any CPU
		{2B8FEFBE-804C-4C80-8AD6-924F9B5C794D}.Debug|Any CPU.Build.0 = Debug|Any CPU
		{2B8FEFBE-804C-4C80-8AD6-924F9B5C794D}.Release|Any CPU.ActiveCfg = Release|Any CPU
		{2B8FEFBE-804C-4C80-8AD6-924F9B5C794D}.Release|Any CPU.Build.0 = Release|Any CPU
		{AE1EA41D-364C-4AB7-8D99-AB92A3C503FF}.Debug|Any CPU.ActiveCfg = Debug|Any CPU
		{AE1EA41D-364C-4AB7-8D99-AB92A3C503FF}.Debug|Any CPU.Build.0 = Debug|Any CPU
		{AE1EA41D-364C-4AB7-8D99-AB92A3C503FF}.Release|Any CPU.ActiveCfg = Release|Any CPU
		{AE1EA41D-364C-4AB7-8D99-AB92A3C503FF}.Release|Any CPU.Build.0 = Release|Any CPU
		{023E4A6A-D858-421F-A05F-2C17A96FEC21}.Debug|Any CPU.ActiveCfg = Debug|Any CPU
		{023E4A6A-D858-421F-A05F-2C17A96FEC21}.Debug|Any CPU.Build.0 = Debug|Any CPU
		{023E4A6A-D858-421F-A05F-2C17A96FEC21}.Release|Any CPU.ActiveCfg = Release|Any CPU
		{023E4A6A-D858-421F-A05F-2C17A96FEC21}.Release|Any CPU.Build.0 = Release|Any CPU
		{64B4DB3F-92A7-426B-9CD9-D3563EB12E93}.Debug|Any CPU.ActiveCfg = Debug|Any CPU
		{64B4DB3F-92A7-426B-9CD9-D3563EB12E93}.Debug|Any CPU.Build.0 = Debug|Any CPU
		{64B4DB3F-92A7-426B-9CD9-D3563EB12E93}.Release|Any CPU.ActiveCfg = Release|Any CPU
		{64B4DB3F-92A7-426B-9CD9-D3563EB12E93}.Release|Any CPU.Build.0 = Release|Any CPU
		{447C8C57-384D-4D43-B3E7-17FAFE98AD39}.Debug|Any CPU.ActiveCfg = Debug|Any CPU
		{447C8C57-384D-4D43-B3E7-17FAFE98AD39}.Debug|Any CPU.Build.0 = Debug|Any CPU
		{447C8C57-384D-4D43-B3E7-17FAFE98AD39}.Release|Any CPU.ActiveCfg = Release|Any CPU
		{447C8C57-384D-4D43-B3E7-17FAFE98AD39}.Release|Any CPU.Build.0 = Release|Any CPU
		{0996F466-7F0B-4ACD-A73D-A9C3486AD1D2}.Debug|Any CPU.ActiveCfg = Debug|Any CPU
		{0996F466-7F0B-4ACD-A73D-A9C3486AD1D2}.Debug|Any CPU.Build.0 = Debug|Any CPU
		{0996F466-7F0B-4ACD-A73D-A9C3486AD1D2}.Release|Any CPU.ActiveCfg = Release|Any CPU
		{0996F466-7F0B-4ACD-A73D-A9C3486AD1D2}.Release|Any CPU.Build.0 = Release|Any CPU
		{3AC59FCE-D358-432A-888B-3E88165AA031}.Debug|Any CPU.ActiveCfg = Debug|Any CPU
		{3AC59FCE-D358-432A-888B-3E88165AA031}.Debug|Any CPU.Build.0 = Debug|Any CPU
		{3AC59FCE-D358-432A-888B-3E88165AA031}.Release|Any CPU.ActiveCfg = Release|Any CPU
		{3AC59FCE-D358-432A-888B-3E88165AA031}.Release|Any CPU.Build.0 = Release|Any CPU
		{22DF0F5C-A089-4B7F-8EFF-9C78D4EA404F}.Debug|Any CPU.ActiveCfg = Debug|Any CPU
		{22DF0F5C-A089-4B7F-8EFF-9C78D4EA404F}.Debug|Any CPU.Build.0 = Debug|Any CPU
		{22DF0F5C-A089-4B7F-8EFF-9C78D4EA404F}.Release|Any CPU.ActiveCfg = Release|Any CPU
		{22DF0F5C-A089-4B7F-8EFF-9C78D4EA404F}.Release|Any CPU.Build.0 = Release|Any CPU
		{E837AB1E-3A40-48C4-A2F4-3361C57A3722}.Debug|Any CPU.ActiveCfg = Debug|Any CPU
		{E837AB1E-3A40-48C4-A2F4-3361C57A3722}.Debug|Any CPU.Build.0 = Debug|Any CPU
		{E837AB1E-3A40-48C4-A2F4-3361C57A3722}.Release|Any CPU.ActiveCfg = Release|Any CPU
		{E837AB1E-3A40-48C4-A2F4-3361C57A3722}.Release|Any CPU.Build.0 = Release|Any CPU
	EndGlobalSection
	GlobalSection(SolutionProperties) = preSolution
		HideSolutionNode = FALSE
	EndGlobalSection
EndGlobal
