
Microsoft Visual Studio Solution File, Format Version 12.00
# Visual Studio 14
VisualStudioVersion = 14.0.25420.1
MinimumVisualStudioVersion = 10.0.40219.1
Project("{FAE04EC0-301F-11D3-BF4B-00C04F79EFBC}") = "01. SpecialNumbers", "01. SpecialNumbers\01. SpecialNumbers.csproj", "{72BA0B29-AD7C-4F20-A202-30DE4FF52097}"
EndProject
Project("{FAE04EC0-301F-11D3-BF4B-00C04F79EFBC}") = "02. TriplesOfLatinLetters", "02. TriplesOfLatinLetters\02. TriplesOfLatinLetters.csproj", "{413A6AF9-FAA2-4727-BFD3-FE836FF28337}"
EndProject
Project("{FAE04EC0-301F-11D3-BF4B-00C04F79EFBC}") = "03. Greeting", "03. Greeting\03. Greeting.csproj", "{3E857583-5EDE-4C36-B301-2EF8E0D1E441}"
EndProject
Project("{FAE04EC0-301F-11D3-BF4B-00C04F79EFBC}") = "04. RefactorVolumeOfPiramid", "04. RefactorVolumeOfPiramid\04. RefactorVolumeOfPiramid.csproj", "{59D91740-1624-4A46-A2A2-B2FCAECDD92E}"
EndProject
Project("{FAE04EC0-301F-11D3-BF4B-00C04F79EFBC}") = "05. RefactorSpecialNumbers", "05. RefactorSpecialNumbers\05. RefactorSpecialNumbers.csproj", "{6391185C-48F5-48B5-A340-F40FE3B856AB}"
EndProject
Global
	GlobalSection(SolutionConfigurationPlatforms) = preSolution
		Debug|Any CPU = Debug|Any CPU
		Release|Any CPU = Release|Any CPU
	EndGlobalSection
	GlobalSection(ProjectConfigurationPlatforms) = postSolution
		{72BA0B29-AD7C-4F20-A202-30DE4FF52097}.Debug|Any CPU.ActiveCfg = Debug|Any CPU
		{72BA0B29-AD7C-4F20-A202-30DE4FF52097}.Debug|Any CPU.Build.0 = Debug|Any CPU
		{72BA0B29-AD7C-4F20-A202-30DE4FF52097}.Release|Any CPU.ActiveCfg = Release|Any CPU
		{72BA0B29-AD7C-4F20-A202-30DE4FF52097}.Release|Any CPU.Build.0 = Release|Any CPU
		{413A6AF9-FAA2-4727-BFD3-FE836FF28337}.Debug|Any CPU.ActiveCfg = Debug|Any CPU
		{413A6AF9-FAA2-4727-BFD3-FE836FF28337}.Debug|Any CPU.Build.0 = Debug|Any CPU
		{413A6AF9-FAA2-4727-BFD3-FE836FF28337}.Release|Any CPU.ActiveCfg = Release|Any CPU
		{413A6AF9-FAA2-4727-BFD3-FE836FF28337}.Release|Any CPU.Build.0 = Release|Any CPU
		{3E857583-5EDE-4C36-B301-2EF8E0D1E441}.Debug|Any CPU.ActiveCfg = Debug|Any CPU
		{3E857583-5EDE-4C36-B301-2EF8E0D1E441}.Debug|Any CPU.Build.0 = Debug|Any CPU
		{3E857583-5EDE-4C36-B301-2EF8E0D1E441}.Release|Any CPU.ActiveCfg = Release|Any CPU
		{3E857583-5EDE-4C36-B301-2EF8E0D1E441}.Release|Any CPU.Build.0 = Release|Any CPU
		{59D91740-1624-4A46-A2A2-B2FCAECDD92E}.Debug|Any CPU.ActiveCfg = Debug|Any CPU
		{59D91740-1624-4A46-A2A2-B2FCAECDD92E}.Debug|Any CPU.Build.0 = Debug|Any CPU
		{59D91740-1624-4A46-A2A2-B2FCAECDD92E}.Release|Any CPU.ActiveCfg = Release|Any CPU
		{59D91740-1624-4A46-A2A2-B2FCAECDD92E}.Release|Any CPU.Build.0 = Release|Any CPU
		{6391185C-48F5-48B5-A340-F40FE3B856AB}.Debug|Any CPU.ActiveCfg = Debug|Any CPU
		{6391185C-48F5-48B5-A340-F40FE3B856AB}.Debug|Any CPU.Build.0 = Debug|Any CPU
		{6391185C-48F5-48B5-A340-F40FE3B856AB}.Release|Any CPU.ActiveCfg = Release|Any CPU
		{6391185C-48F5-48B5-A340-F40FE3B856AB}.Release|Any CPU.Build.0 = Release|Any CPU
	EndGlobalSection
	GlobalSection(SolutionProperties) = preSolution
		HideSolutionNode = FALSE
	EndGlobalSection
EndGlobal
