
Microsoft Visual Studio Solution File, Format Version 12.00
# Visual Studio 14
VisualStudioVersion = 14.0.25420.1
MinimumVisualStudioVersion = 10.0.40219.1
Project("{FAE04EC0-301F-11D3-BF4B-00C04F79EFBC}") = "01. LambadaExpressions", "01. LambadaExpressions\01. LambadaExpressions.csproj", "{2F16AF0A-595B-46C7-B917-4C6ED5BAD66E}"
EndProject
Project("{FAE04EC0-301F-11D3-BF4B-00C04F79EFBC}") = "02. OrderedBankingSystem", "02. OrderedBankingSystem\02. OrderedBankingSystem.csproj", "{5464AD0F-0D8A-4F21-867C-42B8D0E4484D}"
EndProject
Project("{FAE04EC0-301F-11D3-BF4B-00C04F79EFBC}") = "03. LINQuistics", "03. LINQuistics\03. LINQuistics.csproj", "{AC5626E4-1FB2-4A03-AB0B-E157FE216B90}"
EndProject
Global
	GlobalSection(SolutionConfigurationPlatforms) = preSolution
		Debug|Any CPU = Debug|Any CPU
		Release|Any CPU = Release|Any CPU
	EndGlobalSection
	GlobalSection(ProjectConfigurationPlatforms) = postSolution
		{2F16AF0A-595B-46C7-B917-4C6ED5BAD66E}.Debug|Any CPU.ActiveCfg = Debug|Any CPU
		{2F16AF0A-595B-46C7-B917-4C6ED5BAD66E}.Debug|Any CPU.Build.0 = Debug|Any CPU
		{2F16AF0A-595B-46C7-B917-4C6ED5BAD66E}.Release|Any CPU.ActiveCfg = Release|Any CPU
		{2F16AF0A-595B-46C7-B917-4C6ED5BAD66E}.Release|Any CPU.Build.0 = Release|Any CPU
		{5464AD0F-0D8A-4F21-867C-42B8D0E4484D}.Debug|Any CPU.ActiveCfg = Debug|Any CPU
		{5464AD0F-0D8A-4F21-867C-42B8D0E4484D}.Debug|Any CPU.Build.0 = Debug|Any CPU
		{5464AD0F-0D8A-4F21-867C-42B8D0E4484D}.Release|Any CPU.ActiveCfg = Release|Any CPU
		{5464AD0F-0D8A-4F21-867C-42B8D0E4484D}.Release|Any CPU.Build.0 = Release|Any CPU
		{AC5626E4-1FB2-4A03-AB0B-E157FE216B90}.Debug|Any CPU.ActiveCfg = Debug|Any CPU
		{AC5626E4-1FB2-4A03-AB0B-E157FE216B90}.Debug|Any CPU.Build.0 = Debug|Any CPU
		{AC5626E4-1FB2-4A03-AB0B-E157FE216B90}.Release|Any CPU.ActiveCfg = Release|Any CPU
		{AC5626E4-1FB2-4A03-AB0B-E157FE216B90}.Release|Any CPU.Build.0 = Release|Any CPU
	EndGlobalSection
	GlobalSection(SolutionProperties) = preSolution
		HideSolutionNode = FALSE
	EndGlobalSection
EndGlobal
