
Microsoft Visual Studio Solution File, Format Version 12.00
# Visual Studio 14
VisualStudioVersion = 14.0.25420.1
MinimumVisualStudioVersion = 10.0.40219.1
Project("{FAE04EC0-301F-11D3-BF4B-00C04F79EFBC}") = "01. CharityMarathon", "01. CharityMarathon\01. CharityMarathon.csproj", "{44BA125F-615E-4664-998C-1F9C049FEF95}"
EndProject
Project("{FAE04EC0-301F-11D3-BF4B-00C04F79EFBC}") = "02. Ladybugs", "02. Ladybugs\02. Ladybugs.csproj", "{99070BB8-906C-4618-B610-8A9136DD4C36}"
EndProject
Project("{FAE04EC0-301F-11D3-BF4B-00C04F79EFBC}") = "03. NetherRealms", "03. NetherRealms\03. NetherRealms.csproj", "{0FCDB783-5037-4B99-B152-6200A78DEDB2}"
EndProject
Project("{FAE04EC0-301F-11D3-BF4B-00C04F79EFBC}") = "04. RoliTheCoder", "04. RoliTheCoder\04. RoliTheCoder.csproj", "{1D4832BE-5CEB-40DA-B37A-02AF174B592B}"
EndProject
Global
	GlobalSection(SolutionConfigurationPlatforms) = preSolution
		Debug|Any CPU = Debug|Any CPU
		Release|Any CPU = Release|Any CPU
	EndGlobalSection
	GlobalSection(ProjectConfigurationPlatforms) = postSolution
		{44BA125F-615E-4664-998C-1F9C049FEF95}.Debug|Any CPU.ActiveCfg = Debug|Any CPU
		{44BA125F-615E-4664-998C-1F9C049FEF95}.Debug|Any CPU.Build.0 = Debug|Any CPU
		{44BA125F-615E-4664-998C-1F9C049FEF95}.Release|Any CPU.ActiveCfg = Release|Any CPU
		{44BA125F-615E-4664-998C-1F9C049FEF95}.Release|Any CPU.Build.0 = Release|Any CPU
		{99070BB8-906C-4618-B610-8A9136DD4C36}.Debug|Any CPU.ActiveCfg = Debug|Any CPU
		{99070BB8-906C-4618-B610-8A9136DD4C36}.Debug|Any CPU.Build.0 = Debug|Any CPU
		{99070BB8-906C-4618-B610-8A9136DD4C36}.Release|Any CPU.ActiveCfg = Release|Any CPU
		{99070BB8-906C-4618-B610-8A9136DD4C36}.Release|Any CPU.Build.0 = Release|Any CPU
		{0FCDB783-5037-4B99-B152-6200A78DEDB2}.Debug|Any CPU.ActiveCfg = Debug|Any CPU
		{0FCDB783-5037-4B99-B152-6200A78DEDB2}.Debug|Any CPU.Build.0 = Debug|Any CPU
		{0FCDB783-5037-4B99-B152-6200A78DEDB2}.Release|Any CPU.ActiveCfg = Release|Any CPU
		{0FCDB783-5037-4B99-B152-6200A78DEDB2}.Release|Any CPU.Build.0 = Release|Any CPU
		{1D4832BE-5CEB-40DA-B37A-02AF174B592B}.Debug|Any CPU.ActiveCfg = Debug|Any CPU
		{1D4832BE-5CEB-40DA-B37A-02AF174B592B}.Debug|Any CPU.Build.0 = Debug|Any CPU
		{1D4832BE-5CEB-40DA-B37A-02AF174B592B}.Release|Any CPU.ActiveCfg = Release|Any CPU
		{1D4832BE-5CEB-40DA-B37A-02AF174B592B}.Release|Any CPU.Build.0 = Release|Any CPU
	EndGlobalSection
	GlobalSection(SolutionProperties) = preSolution
		HideSolutionNode = FALSE
	EndGlobalSection
EndGlobal
