
Microsoft Visual Studio Solution File, Format Version 12.00
# Visual Studio 14
VisualStudioVersion = 14.0.25420.1
MinimumVisualStudioVersion = 10.0.40219.1
Project("{FAE04EC0-301F-11D3-BF4B-00C04F79EFBC}") = "01. SweetDessert", "01. SweetDessert\01. SweetDessert.csproj", "{AB82F51A-A694-4EB4-BAE8-D38FF33AE8E9}"
EndProject
Project("{FAE04EC0-301F-11D3-BF4B-00C04F79EFBC}") = "02. ArrayManipulator", "02. ArrayManipulator\02. ArrayManipulator.csproj", "{0EC16247-9C4E-4B09-9137-2C2D759FA8E8}"
EndProject
Project("{FAE04EC0-301F-11D3-BF4B-00C04F79EFBC}") = "03. FootballLeague", "03. FootballLeague\03. FootballLeague.csproj", "{FF96056A-F9FD-409B-8313-A0D02AAE9B76}"
EndProject
Project("{FAE04EC0-301F-11D3-BF4B-00C04F79EFBC}") = "04. CubicMessages", "04. CubicMessages\04. CubicMessages.csproj", "{92F79224-1F0A-4B2A-AC24-8E992848F809}"
EndProject
Global
	GlobalSection(SolutionConfigurationPlatforms) = preSolution
		Debug|Any CPU = Debug|Any CPU
		Release|Any CPU = Release|Any CPU
	EndGlobalSection
	GlobalSection(ProjectConfigurationPlatforms) = postSolution
		{AB82F51A-A694-4EB4-BAE8-D38FF33AE8E9}.Debug|Any CPU.ActiveCfg = Debug|Any CPU
		{AB82F51A-A694-4EB4-BAE8-D38FF33AE8E9}.Debug|Any CPU.Build.0 = Debug|Any CPU
		{AB82F51A-A694-4EB4-BAE8-D38FF33AE8E9}.Release|Any CPU.ActiveCfg = Release|Any CPU
		{AB82F51A-A694-4EB4-BAE8-D38FF33AE8E9}.Release|Any CPU.Build.0 = Release|Any CPU
		{0EC16247-9C4E-4B09-9137-2C2D759FA8E8}.Debug|Any CPU.ActiveCfg = Debug|Any CPU
		{0EC16247-9C4E-4B09-9137-2C2D759FA8E8}.Debug|Any CPU.Build.0 = Debug|Any CPU
		{0EC16247-9C4E-4B09-9137-2C2D759FA8E8}.Release|Any CPU.ActiveCfg = Release|Any CPU
		{0EC16247-9C4E-4B09-9137-2C2D759FA8E8}.Release|Any CPU.Build.0 = Release|Any CPU
		{FF96056A-F9FD-409B-8313-A0D02AAE9B76}.Debug|Any CPU.ActiveCfg = Debug|Any CPU
		{FF96056A-F9FD-409B-8313-A0D02AAE9B76}.Debug|Any CPU.Build.0 = Debug|Any CPU
		{FF96056A-F9FD-409B-8313-A0D02AAE9B76}.Release|Any CPU.ActiveCfg = Release|Any CPU
		{FF96056A-F9FD-409B-8313-A0D02AAE9B76}.Release|Any CPU.Build.0 = Release|Any CPU
		{92F79224-1F0A-4B2A-AC24-8E992848F809}.Debug|Any CPU.ActiveCfg = Debug|Any CPU
		{92F79224-1F0A-4B2A-AC24-8E992848F809}.Debug|Any CPU.Build.0 = Debug|Any CPU
		{92F79224-1F0A-4B2A-AC24-8E992848F809}.Release|Any CPU.ActiveCfg = Release|Any CPU
		{92F79224-1F0A-4B2A-AC24-8E992848F809}.Release|Any CPU.Build.0 = Release|Any CPU
	EndGlobalSection
	GlobalSection(SolutionProperties) = preSolution
		HideSolutionNode = FALSE
	EndGlobalSection
EndGlobal
