
Microsoft Visual Studio Solution File, Format Version 12.00
# Visual Studio 14
VisualStudioVersion = 14.0.25420.1
MinimumVisualStudioVersion = 10.0.40219.1
Project("{FAE04EC0-301F-11D3-BF4B-00C04F79EFBC}") = "01. SerializeString", "01. SerializeString\01. SerializeString.csproj", "{9EC4AFED-7DB7-4D4E-91A8-6DE8E8B21649}"
EndProject
Project("{FAE04EC0-301F-11D3-BF4B-00C04F79EFBC}") = "02. Stateless", "02. Stateless\02. Stateless.csproj", "{DF0CE10D-9133-48AB-AB46-762BA241D456}"
EndProject
Project("{FAE04EC0-301F-11D3-BF4B-00C04F79EFBC}") = "03. Pyramidic", "03. Pyramidic\03. Pyramidic.csproj", "{4DEA587C-9275-41E9-8085-3706254B7B14}"
EndProject
Project("{FAE04EC0-301F-11D3-BF4B-00C04F79EFBC}") = "04. Nilapdromes", "04. Nilapdromes\04. Nilapdromes.csproj", "{467132D2-D5D3-4859-B3C7-46770D09A01B}"
EndProject
Global
	GlobalSection(SolutionConfigurationPlatforms) = preSolution
		Debug|Any CPU = Debug|Any CPU
		Release|Any CPU = Release|Any CPU
	EndGlobalSection
	GlobalSection(ProjectConfigurationPlatforms) = postSolution
		{9EC4AFED-7DB7-4D4E-91A8-6DE8E8B21649}.Debug|Any CPU.ActiveCfg = Debug|Any CPU
		{9EC4AFED-7DB7-4D4E-91A8-6DE8E8B21649}.Debug|Any CPU.Build.0 = Debug|Any CPU
		{9EC4AFED-7DB7-4D4E-91A8-6DE8E8B21649}.Release|Any CPU.ActiveCfg = Release|Any CPU
		{9EC4AFED-7DB7-4D4E-91A8-6DE8E8B21649}.Release|Any CPU.Build.0 = Release|Any CPU
		{DF0CE10D-9133-48AB-AB46-762BA241D456}.Debug|Any CPU.ActiveCfg = Debug|Any CPU
		{DF0CE10D-9133-48AB-AB46-762BA241D456}.Debug|Any CPU.Build.0 = Debug|Any CPU
		{DF0CE10D-9133-48AB-AB46-762BA241D456}.Release|Any CPU.ActiveCfg = Release|Any CPU
		{DF0CE10D-9133-48AB-AB46-762BA241D456}.Release|Any CPU.Build.0 = Release|Any CPU
		{4DEA587C-9275-41E9-8085-3706254B7B14}.Debug|Any CPU.ActiveCfg = Debug|Any CPU
		{4DEA587C-9275-41E9-8085-3706254B7B14}.Debug|Any CPU.Build.0 = Debug|Any CPU
		{4DEA587C-9275-41E9-8085-3706254B7B14}.Release|Any CPU.ActiveCfg = Release|Any CPU
		{4DEA587C-9275-41E9-8085-3706254B7B14}.Release|Any CPU.Build.0 = Release|Any CPU
		{467132D2-D5D3-4859-B3C7-46770D09A01B}.Debug|Any CPU.ActiveCfg = Debug|Any CPU
		{467132D2-D5D3-4859-B3C7-46770D09A01B}.Debug|Any CPU.Build.0 = Debug|Any CPU
		{467132D2-D5D3-4859-B3C7-46770D09A01B}.Release|Any CPU.ActiveCfg = Release|Any CPU
		{467132D2-D5D3-4859-B3C7-46770D09A01B}.Release|Any CPU.Build.0 = Release|Any CPU
	EndGlobalSection
	GlobalSection(SolutionProperties) = preSolution
		HideSolutionNode = FALSE
	EndGlobalSection
EndGlobal
