
Microsoft Visual Studio Solution File, Format Version 12.00
# Visual Studio 14
VisualStudioVersion = 14.0.25420.1
MinimumVisualStudioVersion = 10.0.40219.1
Project("{FAE04EC0-301F-11D3-BF4B-00C04F79EFBC}") = "01. RemoveNegativesAndReverse", "01. RemoveNegativesAndReverse\01. RemoveNegativesAndReverse.csproj", "{1A5CC0A9-2A68-418F-9254-86221DBB3E92}"
EndProject
Project("{FAE04EC0-301F-11D3-BF4B-00C04F79EFBC}") = "02. AppendLists", "02. AppendLists\02. AppendLists.csproj", "{76A3F2F6-C1EC-4889-A542-948D76AB0FB3}"
EndProject
Project("{FAE04EC0-301F-11D3-BF4B-00C04F79EFBC}") = "03. SumAdjacentEqualNumbers", "03. SumAdjacentEqualNumbers\03. SumAdjacentEqualNumbers.csproj", "{3B4D2B86-78C7-432E-8DF3-513B444B4C42}"
EndProject
Project("{FAE04EC0-301F-11D3-BF4B-00C04F79EFBC}") = "04. SplitByWordCasing", "04. SplitByWordCasing\04. SplitByWordCasing.csproj", "{3B24E881-5D4C-4DD1-92F8-E9EE0A57CDA6}"
EndProject
Project("{FAE04EC0-301F-11D3-BF4B-00C04F79EFBC}") = "05. SortNumbers", "05. SortNumbers\05. SortNumbers.csproj", "{3A894385-05B8-4F32-9F60-3415DA038F9F}"
EndProject
Project("{FAE04EC0-301F-11D3-BF4B-00C04F79EFBC}") = "06. SquareNumbers", "06. SquareNumbers\06. SquareNumbers.csproj", "{79E31D48-B329-4B5B-9108-99A4F9182314}"
EndProject
Project("{FAE04EC0-301F-11D3-BF4B-00C04F79EFBC}") = "07. CountNumbers", "07. CountNumbers\07. CountNumbers.csproj", "{33E02F4C-B048-4AAB-BB76-18A04E525F92}"
EndProject
Global
	GlobalSection(SolutionConfigurationPlatforms) = preSolution
		Debug|Any CPU = Debug|Any CPU
		Release|Any CPU = Release|Any CPU
	EndGlobalSection
	GlobalSection(ProjectConfigurationPlatforms) = postSolution
		{1A5CC0A9-2A68-418F-9254-86221DBB3E92}.Debug|Any CPU.ActiveCfg = Debug|Any CPU
		{1A5CC0A9-2A68-418F-9254-86221DBB3E92}.Debug|Any CPU.Build.0 = Debug|Any CPU
		{1A5CC0A9-2A68-418F-9254-86221DBB3E92}.Release|Any CPU.ActiveCfg = Release|Any CPU
		{1A5CC0A9-2A68-418F-9254-86221DBB3E92}.Release|Any CPU.Build.0 = Release|Any CPU
		{76A3F2F6-C1EC-4889-A542-948D76AB0FB3}.Debug|Any CPU.ActiveCfg = Debug|Any CPU
		{76A3F2F6-C1EC-4889-A542-948D76AB0FB3}.Debug|Any CPU.Build.0 = Debug|Any CPU
		{76A3F2F6-C1EC-4889-A542-948D76AB0FB3}.Release|Any CPU.ActiveCfg = Release|Any CPU
		{76A3F2F6-C1EC-4889-A542-948D76AB0FB3}.Release|Any CPU.Build.0 = Release|Any CPU
		{3B4D2B86-78C7-432E-8DF3-513B444B4C42}.Debug|Any CPU.ActiveCfg = Debug|Any CPU
		{3B4D2B86-78C7-432E-8DF3-513B444B4C42}.Debug|Any CPU.Build.0 = Debug|Any CPU
		{3B4D2B86-78C7-432E-8DF3-513B444B4C42}.Release|Any CPU.ActiveCfg = Release|Any CPU
		{3B4D2B86-78C7-432E-8DF3-513B444B4C42}.Release|Any CPU.Build.0 = Release|Any CPU
		{3B24E881-5D4C-4DD1-92F8-E9EE0A57CDA6}.Debug|Any CPU.ActiveCfg = Debug|Any CPU
		{3B24E881-5D4C-4DD1-92F8-E9EE0A57CDA6}.Debug|Any CPU.Build.0 = Debug|Any CPU
		{3B24E881-5D4C-4DD1-92F8-E9EE0A57CDA6}.Release|Any CPU.ActiveCfg = Release|Any CPU
		{3B24E881-5D4C-4DD1-92F8-E9EE0A57CDA6}.Release|Any CPU.Build.0 = Release|Any CPU
		{3A894385-05B8-4F32-9F60-3415DA038F9F}.Debug|Any CPU.ActiveCfg = Debug|Any CPU
		{3A894385-05B8-4F32-9F60-3415DA038F9F}.Debug|Any CPU.Build.0 = Debug|Any CPU
		{3A894385-05B8-4F32-9F60-3415DA038F9F}.Release|Any CPU.ActiveCfg = Release|Any CPU
		{3A894385-05B8-4F32-9F60-3415DA038F9F}.Release|Any CPU.Build.0 = Release|Any CPU
		{79E31D48-B329-4B5B-9108-99A4F9182314}.Debug|Any CPU.ActiveCfg = Debug|Any CPU
		{79E31D48-B329-4B5B-9108-99A4F9182314}.Debug|Any CPU.Build.0 = Debug|Any CPU
		{79E31D48-B329-4B5B-9108-99A4F9182314}.Release|Any CPU.ActiveCfg = Release|Any CPU
		{79E31D48-B329-4B5B-9108-99A4F9182314}.Release|Any CPU.Build.0 = Release|Any CPU
		{33E02F4C-B048-4AAB-BB76-18A04E525F92}.Debug|Any CPU.ActiveCfg = Debug|Any CPU
		{33E02F4C-B048-4AAB-BB76-18A04E525F92}.Debug|Any CPU.Build.0 = Debug|Any CPU
		{33E02F4C-B048-4AAB-BB76-18A04E525F92}.Release|Any CPU.ActiveCfg = Release|Any CPU
		{33E02F4C-B048-4AAB-BB76-18A04E525F92}.Release|Any CPU.Build.0 = Release|Any CPU
	EndGlobalSection
	GlobalSection(SolutionProperties) = preSolution
		HideSolutionNode = FALSE
	EndGlobalSection
EndGlobal
