
Microsoft Visual Studio Solution File, Format Version 12.00
# Visual Studio 14
VisualStudioVersion = 14.0.25420.1
MinimumVisualStudioVersion = 10.0.40219.1
Project("{FAE04EC0-301F-11D3-BF4B-00C04F79EFBC}") = "01. ShootListElements", "01. ShootListElements\01. ShootListElements.csproj", "{49CA0B86-D726-45A7-AFE1-BD5F07F3BDF7}"
EndProject
Project("{FAE04EC0-301F-11D3-BF4B-00C04F79EFBC}") = "04. ArrayHistogram", "04. ArrayHistogram\04. ArrayHistogram.csproj", "{4F85C59A-E25B-4694-AADE-84E6F0F4B1B8}"
EndProject
Project("{FAE04EC0-301F-11D3-BF4B-00C04F79EFBC}") = "03. SortArrayOfStrings", "03. SortArrayOfStrings\03. SortArrayOfStrings.csproj", "{C97FE632-D531-4219-A4C7-10D370105D2B}"
EndProject
Project("{FAE04EC0-301F-11D3-BF4B-00C04F79EFBC}") = "02. AverageCharacterDelimiter", "02. AverageCharacterDelimiter\02. AverageCharacterDelimiter.csproj", "{E93EB960-7A1B-4243-A84D-352D2DE6A218}"
EndProject
Project("{FAE04EC0-301F-11D3-BF4B-00C04F79EFBC}") = "06. Batteries", "06. Batteries\06. Batteries.csproj", "{48029C3B-2131-4465-B1B3-42A5E1587EE5}"
EndProject
Project("{FAE04EC0-301F-11D3-BF4B-00C04F79EFBC}") = "05. DecodeRadioFrequencies", "5. DecodeRadioFrequencies\05. DecodeRadioFrequencies.csproj", "{22072236-08DB-4F48-AEE0-7017DEC008D2}"
EndProject
Global
	GlobalSection(SolutionConfigurationPlatforms) = preSolution
		Debug|Any CPU = Debug|Any CPU
		Release|Any CPU = Release|Any CPU
	EndGlobalSection
	GlobalSection(ProjectConfigurationPlatforms) = postSolution
		{49CA0B86-D726-45A7-AFE1-BD5F07F3BDF7}.Debug|Any CPU.ActiveCfg = Debug|Any CPU
		{49CA0B86-D726-45A7-AFE1-BD5F07F3BDF7}.Debug|Any CPU.Build.0 = Debug|Any CPU
		{49CA0B86-D726-45A7-AFE1-BD5F07F3BDF7}.Release|Any CPU.ActiveCfg = Release|Any CPU
		{49CA0B86-D726-45A7-AFE1-BD5F07F3BDF7}.Release|Any CPU.Build.0 = Release|Any CPU
		{4F85C59A-E25B-4694-AADE-84E6F0F4B1B8}.Debug|Any CPU.ActiveCfg = Debug|Any CPU
		{4F85C59A-E25B-4694-AADE-84E6F0F4B1B8}.Debug|Any CPU.Build.0 = Debug|Any CPU
		{4F85C59A-E25B-4694-AADE-84E6F0F4B1B8}.Release|Any CPU.ActiveCfg = Release|Any CPU
		{4F85C59A-E25B-4694-AADE-84E6F0F4B1B8}.Release|Any CPU.Build.0 = Release|Any CPU
		{C97FE632-D531-4219-A4C7-10D370105D2B}.Debug|Any CPU.ActiveCfg = Debug|Any CPU
		{C97FE632-D531-4219-A4C7-10D370105D2B}.Debug|Any CPU.Build.0 = Debug|Any CPU
		{C97FE632-D531-4219-A4C7-10D370105D2B}.Release|Any CPU.ActiveCfg = Release|Any CPU
		{C97FE632-D531-4219-A4C7-10D370105D2B}.Release|Any CPU.Build.0 = Release|Any CPU
		{E93EB960-7A1B-4243-A84D-352D2DE6A218}.Debug|Any CPU.ActiveCfg = Debug|Any CPU
		{E93EB960-7A1B-4243-A84D-352D2DE6A218}.Debug|Any CPU.Build.0 = Debug|Any CPU
		{E93EB960-7A1B-4243-A84D-352D2DE6A218}.Release|Any CPU.ActiveCfg = Release|Any CPU
		{E93EB960-7A1B-4243-A84D-352D2DE6A218}.Release|Any CPU.Build.0 = Release|Any CPU
		{48029C3B-2131-4465-B1B3-42A5E1587EE5}.Debug|Any CPU.ActiveCfg = Debug|Any CPU
		{48029C3B-2131-4465-B1B3-42A5E1587EE5}.Debug|Any CPU.Build.0 = Debug|Any CPU
		{48029C3B-2131-4465-B1B3-42A5E1587EE5}.Release|Any CPU.ActiveCfg = Release|Any CPU
		{48029C3B-2131-4465-B1B3-42A5E1587EE5}.Release|Any CPU.Build.0 = Release|Any CPU
		{22072236-08DB-4F48-AEE0-7017DEC008D2}.Debug|Any CPU.ActiveCfg = Debug|Any CPU
		{22072236-08DB-4F48-AEE0-7017DEC008D2}.Debug|Any CPU.Build.0 = Debug|Any CPU
		{22072236-08DB-4F48-AEE0-7017DEC008D2}.Release|Any CPU.ActiveCfg = Release|Any CPU
		{22072236-08DB-4F48-AEE0-7017DEC008D2}.Release|Any CPU.Build.0 = Release|Any CPU
	EndGlobalSection
	GlobalSection(SolutionProperties) = preSolution
		HideSolutionNode = FALSE
	EndGlobalSection
EndGlobal
