
Microsoft Visual Studio Solution File, Format Version 12.00
# Visual Studio 14
VisualStudioVersion = 14.0.25420.1
MinimumVisualStudioVersion = 10.0.40219.1
Project("{FAE04EC0-301F-11D3-BF4B-00C04F79EFBC}") = "01. RemoveElementsAtOddPositions", "01. RemoveElementsAtOddPositions\01. RemoveElementsAtOddPositions.csproj", "{3B463F2D-D2CD-4659-8F5B-3613C8CC05E6}"
EndProject
Project("{FAE04EC0-301F-11D3-BF4B-00C04F79EFBC}") = "02. TrackDownloader", "02. TrackDownloader\02. TrackDownloader.csproj", "{00F4518F-C2B3-485C-8EE8-AB94911AE20D}"
EndProject
Project("{FAE04EC0-301F-11D3-BF4B-00C04F79EFBC}") = "03. EqualSumAfterExtraction", "3. EqualSumAfterExtraction\03. EqualSumAfterExtraction.csproj", "{4A6044F4-6F56-4CE2-B619-C2176BEC85EE}"
EndProject
Project("{FAE04EC0-301F-11D3-BF4B-00C04F79EFBC}") = "04. FlipListSides", "04. FlipListSides\04. FlipListSides.csproj", "{CD3F5F67-7FE7-476F-B683-500A9E412A9C}"
EndProject
Global
	GlobalSection(SolutionConfigurationPlatforms) = preSolution
		Debug|Any CPU = Debug|Any CPU
		Release|Any CPU = Release|Any CPU
	EndGlobalSection
	GlobalSection(ProjectConfigurationPlatforms) = postSolution
		{3B463F2D-D2CD-4659-8F5B-3613C8CC05E6}.Debug|Any CPU.ActiveCfg = Debug|Any CPU
		{3B463F2D-D2CD-4659-8F5B-3613C8CC05E6}.Debug|Any CPU.Build.0 = Debug|Any CPU
		{3B463F2D-D2CD-4659-8F5B-3613C8CC05E6}.Release|Any CPU.ActiveCfg = Release|Any CPU
		{3B463F2D-D2CD-4659-8F5B-3613C8CC05E6}.Release|Any CPU.Build.0 = Release|Any CPU
		{00F4518F-C2B3-485C-8EE8-AB94911AE20D}.Debug|Any CPU.ActiveCfg = Debug|Any CPU
		{00F4518F-C2B3-485C-8EE8-AB94911AE20D}.Debug|Any CPU.Build.0 = Debug|Any CPU
		{00F4518F-C2B3-485C-8EE8-AB94911AE20D}.Release|Any CPU.ActiveCfg = Release|Any CPU
		{00F4518F-C2B3-485C-8EE8-AB94911AE20D}.Release|Any CPU.Build.0 = Release|Any CPU
		{4A6044F4-6F56-4CE2-B619-C2176BEC85EE}.Debug|Any CPU.ActiveCfg = Debug|Any CPU
		{4A6044F4-6F56-4CE2-B619-C2176BEC85EE}.Debug|Any CPU.Build.0 = Debug|Any CPU
		{4A6044F4-6F56-4CE2-B619-C2176BEC85EE}.Release|Any CPU.ActiveCfg = Release|Any CPU
		{4A6044F4-6F56-4CE2-B619-C2176BEC85EE}.Release|Any CPU.Build.0 = Release|Any CPU
		{CD3F5F67-7FE7-476F-B683-500A9E412A9C}.Debug|Any CPU.ActiveCfg = Debug|Any CPU
		{CD3F5F67-7FE7-476F-B683-500A9E412A9C}.Debug|Any CPU.Build.0 = Debug|Any CPU
		{CD3F5F67-7FE7-476F-B683-500A9E412A9C}.Release|Any CPU.ActiveCfg = Release|Any CPU
		{CD3F5F67-7FE7-476F-B683-500A9E412A9C}.Release|Any CPU.Build.0 = Release|Any CPU
	EndGlobalSection
	GlobalSection(SolutionProperties) = preSolution
		HideSolutionNode = FALSE
	EndGlobalSection
EndGlobal
