
Microsoft Visual Studio Solution File, Format Version 12.00
# Visual Studio 14
VisualStudioVersion = 14.0.25420.1
MinimumVisualStudioVersion = 10.0.40219.1
Project("{FAE04EC0-301F-11D3-BF4B-00C04F79EFBC}") = "01. HelloCSharps", "01. HelloCSharps\01. HelloCSharps.csproj", "{F81D9350-CFF8-4683-9EBD-79E3B0815C09}"
EndProject
Project("{FAE04EC0-301F-11D3-BF4B-00C04F79EFBC}") = "02. Expressions", "02. Expressions\02. Expressions.csproj", "{EE0B8E87-1EB4-4B43-AEB5-42DD6FFF51AA}"
EndProject
Project("{FAE04EC0-301F-11D3-BF4B-00C04F79EFBC}") = "03. Nums1to20", "03. Nums1to20\03. Nums1to20.csproj", "{A8D0BA70-7467-442D-BB64-30974CD2DF49}"
EndProject
Project("{FAE04EC0-301F-11D3-BF4B-00C04F79EFBC}") = "05. RectangleArea", "05. RectangleArea\05. RectangleArea.csproj", "{3D79B749-D002-4572-9672-C03A707E57C2}"
EndProject
Project("{FAE04EC0-301F-11D3-BF4B-00C04F79EFBC}") = "04. TriangleOf55Stars", "04. TriangleOf55Stars\04. TriangleOf55Stars.csproj", "{48A20344-EEA5-46EC-8D5B-8F84BB5FD8FF}"
EndProject
Project("{FAE04EC0-301F-11D3-BF4B-00C04F79EFBC}") = "06. SquareOfStars", "06. SquareOfStars\06. SquareOfStars.csproj", "{342663E0-C65B-47C6-BD96-FD4FFB87BC74}"
EndProject
Global
	GlobalSection(SolutionConfigurationPlatforms) = preSolution
		Debug|Any CPU = Debug|Any CPU
		Release|Any CPU = Release|Any CPU
	EndGlobalSection
	GlobalSection(ProjectConfigurationPlatforms) = postSolution
		{F81D9350-CFF8-4683-9EBD-79E3B0815C09}.Debug|Any CPU.ActiveCfg = Debug|Any CPU
		{F81D9350-CFF8-4683-9EBD-79E3B0815C09}.Debug|Any CPU.Build.0 = Debug|Any CPU
		{F81D9350-CFF8-4683-9EBD-79E3B0815C09}.Release|Any CPU.ActiveCfg = Release|Any CPU
		{F81D9350-CFF8-4683-9EBD-79E3B0815C09}.Release|Any CPU.Build.0 = Release|Any CPU
		{EE0B8E87-1EB4-4B43-AEB5-42DD6FFF51AA}.Debug|Any CPU.ActiveCfg = Debug|Any CPU
		{EE0B8E87-1EB4-4B43-AEB5-42DD6FFF51AA}.Debug|Any CPU.Build.0 = Debug|Any CPU
		{EE0B8E87-1EB4-4B43-AEB5-42DD6FFF51AA}.Release|Any CPU.ActiveCfg = Release|Any CPU
		{EE0B8E87-1EB4-4B43-AEB5-42DD6FFF51AA}.Release|Any CPU.Build.0 = Release|Any CPU
		{A8D0BA70-7467-442D-BB64-30974CD2DF49}.Debug|Any CPU.ActiveCfg = Debug|Any CPU
		{A8D0BA70-7467-442D-BB64-30974CD2DF49}.Debug|Any CPU.Build.0 = Debug|Any CPU
		{A8D0BA70-7467-442D-BB64-30974CD2DF49}.Release|Any CPU.ActiveCfg = Release|Any CPU
		{A8D0BA70-7467-442D-BB64-30974CD2DF49}.Release|Any CPU.Build.0 = Release|Any CPU
		{3D79B749-D002-4572-9672-C03A707E57C2}.Debug|Any CPU.ActiveCfg = Debug|Any CPU
		{3D79B749-D002-4572-9672-C03A707E57C2}.Debug|Any CPU.Build.0 = Debug|Any CPU
		{3D79B749-D002-4572-9672-C03A707E57C2}.Release|Any CPU.ActiveCfg = Release|Any CPU
		{3D79B749-D002-4572-9672-C03A707E57C2}.Release|Any CPU.Build.0 = Release|Any CPU
		{48A20344-EEA5-46EC-8D5B-8F84BB5FD8FF}.Debug|Any CPU.ActiveCfg = Debug|Any CPU
		{48A20344-EEA5-46EC-8D5B-8F84BB5FD8FF}.Debug|Any CPU.Build.0 = Debug|Any CPU
		{48A20344-EEA5-46EC-8D5B-8F84BB5FD8FF}.Release|Any CPU.ActiveCfg = Release|Any CPU
		{48A20344-EEA5-46EC-8D5B-8F84BB5FD8FF}.Release|Any CPU.Build.0 = Release|Any CPU
		{342663E0-C65B-47C6-BD96-FD4FFB87BC74}.Debug|Any CPU.ActiveCfg = Debug|Any CPU
		{342663E0-C65B-47C6-BD96-FD4FFB87BC74}.Debug|Any CPU.Build.0 = Debug|Any CPU
		{342663E0-C65B-47C6-BD96-FD4FFB87BC74}.Release|Any CPU.ActiveCfg = Release|Any CPU
		{342663E0-C65B-47C6-BD96-FD4FFB87BC74}.Release|Any CPU.Build.0 = Release|Any CPU
	EndGlobalSection
	GlobalSection(SolutionProperties) = preSolution
		HideSolutionNode = FALSE
	EndGlobalSection
EndGlobal
